{
  "name": "@bmssearch/bms-pattern-overview",
  "version": "0.0.2",
  "lockfileVersion": 1,
  "requires": true,
  "dependencies": {
    "@types/is-utf8": {
      "version": "0.2.0",
      "resolved": "https://registry.npmjs.org/@types/is-utf8/-/is-utf8-0.2.0.tgz",
      "integrity": "sha512-qItpikdfKSDBiC6t15PIVgR3jnakgkpbPeOR5+Vn/xh+8+VAjkQC9//mfItTx0eRniIFZWt02h1XybSfzCO/QQ==",
      "dev": true,
      "requires": {
        "@types/node": "*"
      }
    },
    "@types/node": {
      "version": "13.13.5",
      "resolved": "https://registry.npmjs.org/@types/node/-/node-13.13.5.tgz",
      "integrity": "sha512-3ySmiBYJPqgjiHA7oEaIo2Rzz0HrOZ7yrNO5HWyaE5q0lQ3BppDZ3N53Miz8bw2I7gh1/zir2MGVZBvpb1zq9g==",
      "dev": true
    },
    "bemuse-chardet": {
      "version": "0.0.8",
      "resolved": "https://registry.npmjs.org/bemuse-chardet/-/bemuse-chardet-0.0.8.tgz",
      "integrity": "sha1-UzIsS1hWR0KgRePDjCmgvrCFHCs="
    },
    "bms": {
      "version": "45.1.0",
      "resolved": "https://registry.npmjs.org/bms/-/bms-45.1.0.tgz",
      "integrity": "sha512-Qd0LbGv+6Y8sllbLqZTucVkqwBt0aPN6UDF5/vkqB3ozbjnFOBtejPyotg/cQRNyrxFJDtI7yzEg9inI9qNzuQ==",
      "requires": {
        "bemuse-chardet": "0.0.8",
        "data-structure": "^1.2.0",
        "iconv-lite": "^0.4.24",
        "invariant": "^2.2.4",
        "lodash.assign": "^4.2.0",
        "lodash.map": "^4.6.0",
        "lodash.uniq": "^4.5.0",
        "lodash.values": "^4.3.0"
      },
      "dependencies": {
        "iconv-lite": {
          "version": "0.4.24",
          "resolved": "https://registry.npmjs.org/iconv-lite/-/iconv-lite-0.4.24.tgz",
          "integrity": "sha512-v3MXnZAcvnywkTUEZomIActle7RXXeedOR31wwl7VlyoXO4Qi9arvSenNQWne1TcRwhCL1HwLI21bEqdpj8/rA==",
          "requires": {
            "safer-buffer": ">= 2.1.2 < 3"
          }
        }
      }
    },
    "bmson": {
      "version": "45.1.0",
      "resolved": "https://registry.npmjs.org/bmson/-/bmson-45.1.0.tgz",
      "integrity": "sha512-B7kQ8EZnyItF06w8Vwr0Er1QOTyR1nE/PjgiyeLR23oqIOE4zpY2Tm6StjqzEiISVxSH5xwg128t7j9DHG5x1Q==",
      "requires": {
        "lodash": "^4.17.11"
      }
    },
    "crypto": {
      "version": "1.0.1",
      "resolved": "https://registry.npmjs.org/crypto/-/crypto-1.0.1.tgz",
      "integrity": "sha512-VxBKmeNcqQdiUQUW2Tzq0t377b54N2bMtXO/qiLa+6eRRmmC4qT3D4OnTGoT/U6O9aklQ/jTwbOtRMTTY8G0Ig=="
    },
    "data-structure": {
      "version": "1.2.0",
      "resolved": "https://registry.npmjs.org/data-structure/-/data-structure-1.2.0.tgz",
      "integrity": "sha1-Q3eVxWgxIw2qibI+cfjnAL6FuEA="
    },
    "iconv-lite": {
      "version": "0.6.2",
      "resolved": "https://registry.npmjs.org/iconv-lite/-/iconv-lite-0.6.2.tgz",
      "integrity": "sha512-2y91h5OpQlolefMPmUlivelittSWy0rP+oYVpn6A7GwVHNE8AWzoYOBNmlwks3LobaJxgHCYZAnyNo2GgpNRNQ==",
      "requires": {
        "safer-buffer": ">= 2.1.2 < 3.0.0"
      }
    },
    "invariant": {
      "version": "2.2.4",
      "resolved": "https://registry.npmjs.org/invariant/-/invariant-2.2.4.tgz",
      "integrity": "sha512-phJfQVBuaJM5raOpJjSfkiD6BpbCE4Ns//LaXl6wGYtUBY83nWS6Rf9tXm2e8VaK60JEjYldbPif/A2B1C2gNA==",
      "requires": {
        "loose-envify": "^1.0.0"
      }
    },
    "is-utf8": {
      "version": "0.2.1",
      "resolved": "https://registry.npmjs.org/is-utf8/-/is-utf8-0.2.1.tgz",
      "integrity": "sha1-Sw2hRCEE0bM2NA6AeX6GXPOffXI="
    },
    "js-tokens": {
      "version": "4.0.0",
      "resolved": "https://registry.npmjs.org/js-tokens/-/js-tokens-4.0.0.tgz",
      "integrity": "sha512-RdJUflcE3cUzKiMqQgsCu06FPu9UdIJO0beYbPhHN4k6apgJtifcoCtT9bcxOpYBtpD2kCM6Sbzg4CausW/PKQ=="
    },
    "jschardet": {
      "version": "2.2.1",
      "resolved": "https://registry.npmjs.org/jschardet/-/jschardet-2.2.1.tgz",
      "integrity": "sha512-Ks2JNuUJoc7PGaZ7bVFtSEvOcr0rBq6Q1J5/7+zKWLT+g+4zziL63O0jg7y2jxhzIa1LVsHUbPXrbaWmz9iwDw=="
    },
    "lodash": {
      "version": "4.17.15",
      "resolved": "https://registry.npmjs.org/lodash/-/lodash-4.17.15.tgz",
      "integrity": "sha512-8xOcRHvCjnocdS5cpwXQXVzmmh5e5+saE2QGoeQmbKmRS6J3VQppPOIt0MnmE+4xlZoumy0GPG0D0MVIQbNA1A=="
    },
    "lodash.assign": {
      "version": "4.2.0",
      "resolved": "https://registry.npmjs.org/lodash.assign/-/lodash.assign-4.2.0.tgz",
      "integrity": "sha1-DZnzzNem0mHRm9rrkkUAXShYCOc="
    },
    "lodash.map": {
      "version": "4.6.0",
      "resolved": "https://registry.npmjs.org/lodash.map/-/lodash.map-4.6.0.tgz",
      "integrity": "sha1-dx7Hg540c9nEzeKLGTlMNWL09tM="
    },
    "lodash.uniq": {
      "version": "4.5.0",
      "resolved": "https://registry.npmjs.org/lodash.uniq/-/lodash.uniq-4.5.0.tgz",
      "integrity": "sha1-0CJTc662Uq3BvILklFM5qEJ1R3M="
    },
    "lodash.values": {
      "version": "4.3.0",
      "resolved": "https://registry.npmjs.org/lodash.values/-/lodash.values-4.3.0.tgz",
      "integrity": "sha1-o6bCsOvsxcLLocF+bmIP6BtT00c="
    },
    "loose-envify": {
      "version": "1.4.0",
      "resolved": "https://registry.npmjs.org/loose-envify/-/loose-envify-1.4.0.tgz",
      "integrity": "sha512-lyuxPGr/Wfhrlem2CL/UcnUc1zcqKAImBDzukY7Y5F/yQiNdko6+fRLevlw1HgMySw7f611UIY408EtxRSoK3Q==",
      "requires": {
        "js-tokens": "^3.0.0 || ^4.0.0"
      }
    },
    "safer-buffer": {
      "version": "2.1.2",
      "resolved": "https://registry.npmjs.org/safer-buffer/-/safer-buffer-2.1.2.tgz",
      "integrity": "sha512-YZo3K82SD7Riyi0E1EQPojLz7kpepnSQI9IyPbHHg1XXXevb5dJI7tpyN2ADxGcQbHG7vcyRHk0cbwqcQriUtg=="
    },
    "typescript": {
      "version": "3.8.3",
      "resolved": "https://registry.npmjs.org/typescript/-/typescript-3.8.3.tgz",
      "integrity": "sha512-MYlEfn5VrLNsgudQTVJeNaQFUAI7DkhnOjdpAp4T+ku1TfQClewlbSuTVHiA+8skNBgaf02TL/kLOvig4y3G8w==",
      "dev": true
    }
  }
}
